
Microsoft Visual Studio Solution File, Format Version 12.00
# Visual Studio Version 17
VisualStudioVersion = 17.0.31903.59
MinimumVisualStudioVersion = 10.0.40219.1
Project("{2150E333-8FDC-42A3-9474-1A3956D46DE8}") = "Services", "Services", "{D4D389ED-D318-4095-B332-4780DF415D8A}"
EndProject
Project("{2150E333-8FDC-42A3-9474-1A3956D46DE8}") = "Catalog", "Catalog", "{40AD4CFC-81BF-48B0-9031-85CE21166F4E}"
EndProject
Project("{FAE04EC0-301F-11D3-BF4B-00C04F79EFBC}") = "Catalog.API", "Services\Catalog\Catalog.API\Catalog.API.csproj", "{BEDBC77F-07D7-4C4F-8C2B-F4180375F497}"
EndProject
Global
	GlobalSection(SolutionConfigurationPlatforms) = preSolution
		Debug|Any CPU = Debug|Any CPU
		Release|Any CPU = Release|Any CPU
	EndGlobalSection
	GlobalSection(SolutionProperties) = preSolution
		HideSolutionNode = FALSE
	EndGlobalSection
	GlobalSection(ProjectConfigurationPlatforms) = postSolution
		{BEDBC77F-07D7-4C4F-8C2B-F4180375F497}.Debug|Any CPU.ActiveCfg = Debug|Any CPU
		{BEDBC77F-07D7-4C4F-8C2B-F4180375F497}.Debug|Any CPU.Build.0 = Debug|Any CPU
		{BEDBC77F-07D7-4C4F-8C2B-F4180375F497}.Release|Any CPU.ActiveCfg = Release|Any CPU
		{BEDBC77F-07D7-4C4F-8C2B-F4180375F497}.Release|Any CPU.Build.0 = Release|Any CPU
	EndGlobalSection
	GlobalSection(NestedProjects) = preSolution
		{40AD4CFC-81BF-48B0-9031-85CE21166F4E} = {D4D389ED-D318-4095-B332-4780DF415D8A}
		{BEDBC77F-07D7-4C4F-8C2B-F4180375F497} = {40AD4CFC-81BF-48B0-9031-85CE21166F4E}
	EndGlobalSection
EndGlobal
